
Microsoft Visual Studio Solution File, Format Version 12.00
# Visual Studio Version 17
VisualStudioVersion = 17.3.32929.385
MinimumVisualStudioVersion = 10.0.40219.1
Project("{FAE04EC0-301F-11D3-BF4B-00C04F79EFBC}") = "WebApp_LB3", "WebApp_LB3\WebApp_LB3.csproj", "{D6C0C056-5CAD-4FFD-B027-AA819427B725}"
EndProject
Global
	GlobalSection(SolutionConfigurationPlatforms) = preSolution
		Debug|Any CPU = Debug|Any CPU
		Release|Any CPU = Release|Any CPU
	EndGlobalSection
	GlobalSection(ProjectConfigurationPlatforms) = postSolution
		{D6C0C056-5CAD-4FFD-B027-AA819427B725}.Debug|Any CPU.ActiveCfg = Debug|Any CPU
		{D6C0C056-5CAD-4FFD-B027-AA819427B725}.Debug|Any CPU.Build.0 = Debug|Any CPU
		{D6C0C056-5CAD-4FFD-B027-AA819427B725}.Release|Any CPU.ActiveCfg = Release|Any CPU
		{D6C0C056-5CAD-4FFD-B027-AA819427B725}.Release|Any CPU.Build.0 = Release|Any CPU
	EndGlobalSection
	GlobalSection(SolutionProperties) = preSolution
		HideSolutionNode = FALSE
	EndGlobalSection
	GlobalSection(ExtensibilityGlobals) = postSolution
		SolutionGuid = {9FE2348B-A4FA-4406-A92C-870E896D587D}
	EndGlobalSection
EndGlobal
